
Microsoft Visual Studio Solution File, Format Version 12.00
# Visual Studio Version 17
VisualStudioVersion = 17.11.35222.181
MinimumVisualStudioVersion = 10.0.40219.1
Project("{FAE04EC0-301F-11D3-BF4B-00C04F79EFBC}") = "Exam", "Exam\Exam.csproj", "{1299A5AC-1A00-420E-986B-E93A487ED086}"
EndProject
Project("{FAE04EC0-301F-11D3-BF4B-00C04F79EFBC}") = "Exam.Tests", "Exam.Tests\Exam.Tests.csproj", "{F5C6B4D1-08B3-4EEC-A70B-FE50E99F1D4D}"
EndProject
Global
	GlobalSection(SolutionConfigurationPlatforms) = preSolution
		Debug|Any CPU = Debug|Any CPU
		Release|Any CPU = Release|Any CPU
	EndGlobalSection
	GlobalSection(ProjectConfigurationPlatforms) = postSolution
		{1299A5AC-1A00-420E-986B-E93A487ED086}.Debug|Any CPU.ActiveCfg = Debug|Any CPU
		{1299A5AC-1A00-420E-986B-E93A487ED086}.Debug|Any CPU.Build.0 = Debug|Any CPU
		{1299A5AC-1A00-420E-986B-E93A487ED086}.Release|Any CPU.ActiveCfg = Release|Any CPU
		{1299A5AC-1A00-420E-986B-E93A487ED086}.Release|Any CPU.Build.0 = Release|Any CPU
		{F5C6B4D1-08B3-4EEC-A70B-FE50E99F1D4D}.Debug|Any CPU.ActiveCfg = Debug|Any CPU
		{F5C6B4D1-08B3-4EEC-A70B-FE50E99F1D4D}.Debug|Any CPU.Build.0 = Debug|Any CPU
		{F5C6B4D1-08B3-4EEC-A70B-FE50E99F1D4D}.Release|Any CPU.ActiveCfg = Release|Any CPU
		{F5C6B4D1-08B3-4EEC-A70B-FE50E99F1D4D}.Release|Any CPU.Build.0 = Release|Any CPU
	EndGlobalSection
	GlobalSection(SolutionProperties) = preSolution
		HideSolutionNode = FALSE
	EndGlobalSection
	GlobalSection(ExtensibilityGlobals) = postSolution
		SolutionGuid = {F25541A8-60C9-435D-A5FF-2825A5D199FE}
	EndGlobalSection
EndGlobal
